# This file is automatically @generated by Cargo.
# It is not intended for manual editing.
version = 4

[[package]]
name = "base58-turbo"
version = "0.3.0"
source = "registry+https://github.com/rust-lang/crates.io-index"
checksum = "48e9e8a40264cfedd26218e801f1194e9af3a6d2631f0171d753ba184f1bba35"

[[package]]
name = "base58-turbo-bridge"
version = "0.1.0"
dependencies = [
 "base58-turbo",
]
