# This file is automatically @generated by Cargo.
# It is not intended for manual editing.
version = 4

[[package]]
name = "base58-turbo"
version = "0.3.0"
source = "registry+https://github.com/rust-lang/crates.io-index"
checksum = "48e9e8a40264cfedd26218e801f1194e9af3a6d2631f0171d753ba184f1bba35"

[[package]]
name = "base58-turbo-bridge"
version = "0.1.0"
dependencies = [
 "base58-turbo",
 "five8",
]

[[package]]
name = "five8"
version = "1.0.0"
source = "registry+https://github.com/rust-lang/crates.io-index"
checksum = "23f76610e969fa1784327ded240f1e28a3fd9520c9cec93b636fcf62dd37f772"
dependencies = [
 "five8_core",
]

[[package]]
name = "five8_core"
version = "1.0.0"
source = "registry+https://github.com/rust-lang/crates.io-index"
checksum = "059c31d7d36c43fe39d89e55711858b4da8be7eb6dabac23c7289b1a19489406"
